{
  "meteor": {},
  "dependencies": {
    "basePackages": {
      "foundation": {},
      "font-awesome": {},
      "gsap": {}
    },
    "packages": {
      "foundation": {
        "git": "https://github.com/ewall/meteor-foundation.git",
        "tag": "v4.3.2",
        "commit": "4cd0dc6ac5c69bf7477917a836d9078262d273a0"
      },
      "font-awesome": {
        "git": "https://github.com/nate-strauser/meteor-font-awesome.git",
        "tag": "v3.2.1",
        "commit": "38bdfff72dfb8857b272f9a9b056045d6a015489"
      },
      "gsap": {
        "git": "https://github.com/RoyalMist/meteor-gsap.git",
        "tag": "v1.9.8release",
        "commit": "9d3c296bc4cf8fbc21090b443d0826cc3a727412"
      }
    }
  }
}
